
Microsoft Visual Studio Solution File, Format Version 12.00
# Visual Studio 15
VisualStudioVersion = 15.0.27703.2026
MinimumVisualStudioVersion = 10.0.40219.1
Project("{FAE04EC0-301F-11D3-BF4B-00C04F79EFBC}") = "Transmit.Server", "Transmit.Server\Transmit.Server.csproj", "{79410407-84D3-46CA-A71B-0BD7B6AF0F67}"
EndProject
Project("{FAE04EC0-301F-11D3-BF4B-00C04F79EFBC}") = "Transmit.Client", "Transmit.Client\Transmit.Client.csproj", "{67F32E91-8AC5-4A38-81F7-01B074695185}"
EndProject
Project("{FAE04EC0-301F-11D3-BF4B-00C04F79EFBC}") = "INIConfig", "INIConfig\INIConfig.csproj", "{A7867F50-A2D5-43DC-9C61-6262EC64C919}"
EndProject
Global
	GlobalSection(SolutionConfigurationPlatforms) = preSolution
		Debug|Any CPU = Debug|Any CPU
		Release|Any CPU = Release|Any CPU
	EndGlobalSection
	GlobalSection(ProjectConfigurationPlatforms) = postSolution
		{79410407-84D3-46CA-A71B-0BD7B6AF0F67}.Debug|Any CPU.ActiveCfg = Debug|Any CPU
		{79410407-84D3-46CA-A71B-0BD7B6AF0F67}.Debug|Any CPU.Build.0 = Debug|Any CPU
		{79410407-84D3-46CA-A71B-0BD7B6AF0F67}.Release|Any CPU.ActiveCfg = Release|Any CPU
		{79410407-84D3-46CA-A71B-0BD7B6AF0F67}.Release|Any CPU.Build.0 = Release|Any CPU
		{67F32E91-8AC5-4A38-81F7-01B074695185}.Debug|Any CPU.ActiveCfg = Debug|Any CPU
		{67F32E91-8AC5-4A38-81F7-01B074695185}.Debug|Any CPU.Build.0 = Debug|Any CPU
		{67F32E91-8AC5-4A38-81F7-01B074695185}.Release|Any CPU.ActiveCfg = Release|Any CPU
		{67F32E91-8AC5-4A38-81F7-01B074695185}.Release|Any CPU.Build.0 = Release|Any CPU
		{A7867F50-A2D5-43DC-9C61-6262EC64C919}.Debug|Any CPU.ActiveCfg = Debug|Any CPU
		{A7867F50-A2D5-43DC-9C61-6262EC64C919}.Debug|Any CPU.Build.0 = Debug|Any CPU
		{A7867F50-A2D5-43DC-9C61-6262EC64C919}.Release|Any CPU.ActiveCfg = Release|Any CPU
		{A7867F50-A2D5-43DC-9C61-6262EC64C919}.Release|Any CPU.Build.0 = Release|Any CPU
	EndGlobalSection
	GlobalSection(SolutionProperties) = preSolution
		HideSolutionNode = FALSE
	EndGlobalSection
	GlobalSection(ExtensibilityGlobals) = postSolution
		SolutionGuid = {4D6F1663-B9B7-4D1B-81B2-933B16E687A4}
	EndGlobalSection
EndGlobal
